// !$*UTF8*$!
{
	archiveVersion = 1;
	classes = {
	};
	objectVersion = 46;
	objects = {

/* Begin PBXBuildFile section */
		B6826A671B9858F3008C432B /* libFMRichTextView.a in Frameworks */ = {isa = PBXBuildFile; fileRef = B6826A5C1B9858F3008C432B /* libFMRichTextView.a */; };
		B6826A7C1B98592B008C432B /* main.m in Sources */ = {isa = PBXBuildFile; fileRef = B6826A7B1B98592B008C432B /* main.m */; };
		B6826A7F1B98592B008C432B /* AppDelegate.m in Sources */ = {isa = PBXBuildFile; fileRef = B6826A7E1B98592B008C432B /* AppDelegate.m */; };
		B6826A821B98592B008C432B /* ViewController.m in Sources */ = {isa = PBXBuildFile; fileRef = B6826A811B98592B008C432B /* ViewController.m */; };
		B6826A851B98592B008C432B /* Main.storyboard in Resources */ = {isa = PBXBuildFile; fileRef = B6826A831B98592B008C432B /* Main.storyboard */; };
		B6826A871B98592B008C432B /* Images.xcassets in Resources */ = {isa = PBXBuildFile; fileRef = B6826A861B98592B008C432B /* Images.xcassets */; };
		B6826A8A1B98592B008C432B /* LaunchScreen.xib in Resources */ = {isa = PBXBuildFile; fileRef = B6826A881B98592B008C432B /* LaunchScreen.xib */; };
		B6826A9D1B98599C008C432B /* FMRichTextView.m in Sources */ = {isa = PBXBuildFile; fileRef = B61739091B97486700525798 /* FMRichTextView.m */; };
		B6826A9E1B98599C008C432B /* FMRichTextViewToolbar.m in Sources */ = {isa = PBXBuildFile; fileRef = B617390B1B97486700525798 /* FMRichTextViewToolbar.m */; };
		B6826A9F1B9859A0008C432B /* FMRichTextViewToolbarButton.m in Sources */ = {isa = PBXBuildFile; fileRef = B617390D1B97486700525798 /* FMRichTextViewToolbarButton.m */; };
		B6826AA21B9859AB008C432B /* FMRichTextView.h in Headers */ = {isa = PBXBuildFile; fileRef = B61739081B97486700525798 /* FMRichTextView.h */; settings = {ATTRIBUTES = (Public, ); }; };
		B6826AA31B9859AB008C432B /* FMRichTextViewToolbar.h in Headers */ = {isa = PBXBuildFile; fileRef = B617390A1B97486700525798 /* FMRichTextViewToolbar.h */; settings = {ATTRIBUTES = (Public, ); }; };
		B6826AA41B9859AB008C432B /* FMRichTextViewToolbarButton.h in Headers */ = {isa = PBXBuildFile; fileRef = B617390C1B97486700525798 /* FMRichTextViewToolbarButton.h */; settings = {ATTRIBUTES = (Public, ); }; };
		B6826AA81B9859D5008C432B /* libFMRichTextView.a in Frameworks */ = {isa = PBXBuildFile; fileRef = B6826A5C1B9858F3008C432B /* libFMRichTextView.a */; };
		B6826AAB1B9891E1008C432B /* FMRichTextView+HTMLString.h in Headers */ = {isa = PBXBuildFile; fileRef = B6826AA91B9891E1008C432B /* FMRichTextView+HTMLString.h */; settings = {ATTRIBUTES = (Public, ); }; };
		B6826AAC1B9891E1008C432B /* FMRichTextView+HTMLString.m in Sources */ = {isa = PBXBuildFile; fileRef = B6826AAA1B9891E1008C432B /* FMRichTextView+HTMLString.m */; };
		B6826AAE1B9891FD008C432B /* FMRichTextViewTests.m in Sources */ = {isa = PBXBuildFile; fileRef = B61739281B97489B00525798 /* FMRichTextViewTests.m */; };
		B6826AB11B9896DA008C432B /* WebViewController.m in Sources */ = {isa = PBXBuildFile; fileRef = B6826AB01B9896DA008C432B /* WebViewController.m */; };
/* End PBXBuildFile section */

/* Begin PBXContainerItemProxy section */
		B6826A681B9858F3008C432B /* PBXContainerItemProxy */ = {
			isa = PBXContainerItemProxy;
			containerPortal = B6AD95FC1B96F37C00D544A2 /* Project object */;
			proxyType = 1;
			remoteGlobalIDString = B6826A5B1B9858F3008C432B;
			remoteInfo = FMRichTextView;
		};
		B6826AA61B9859D2008C432B /* PBXContainerItemProxy */ = {
			isa = PBXContainerItemProxy;
			containerPortal = B6AD95FC1B96F37C00D544A2 /* Project object */;
			proxyType = 1;
			remoteGlobalIDString = B6826A5B1B9858F3008C432B;
			remoteInfo = FMRichTextView;
		};
/* End PBXContainerItemProxy section */

/* Begin PBXCopyFilesBuildPhase section */
		B6826A5A1B9858F3008C432B /* CopyFiles */ = {
			isa = PBXCopyFilesBuildPhase;
			buildActionMask = 2147483647;
			dstPath = "include/$(PRODUCT_NAME)";
			dstSubfolderSpec = 16;
			files = (
			);
			runOnlyForDeploymentPostprocessing = 0;
		};
/* End PBXCopyFilesBuildPhase section */

/* Begin PBXFileReference section */
		B61739081B97486700525798 /* FMRichTextView.h */ = {isa = PBXFileReference; fileEncoding = 4; lastKnownFileType = sourcecode.c.h; name = FMRichTextView.h; path = FMRichTextView/FMRichTextView.h; sourceTree = SOURCE_ROOT; };
		B61739091B97486700525798 /* FMRichTextView.m */ = {isa = PBXFileReference; fileEncoding = 4; lastKnownFileType = sourcecode.c.objc; name = FMRichTextView.m; path = FMRichTextView/FMRichTextView.m; sourceTree = SOURCE_ROOT; };
		B617390A1B97486700525798 /* FMRichTextViewToolbar.h */ = {isa = PBXFileReference; fileEncoding = 4; lastKnownFileType = sourcecode.c.h; name = FMRichTextViewToolbar.h; path = FMRichTextView/FMRichTextViewToolbar.h; sourceTree = SOURCE_ROOT; };
		B617390B1B97486700525798 /* FMRichTextViewToolbar.m */ = {isa = PBXFileReference; fileEncoding = 4; lastKnownFileType = sourcecode.c.objc; name = FMRichTextViewToolbar.m; path = FMRichTextView/FMRichTextViewToolbar.m; sourceTree = SOURCE_ROOT; };
		B617390C1B97486700525798 /* FMRichTextViewToolbarButton.h */ = {isa = PBXFileReference; fileEncoding = 4; lastKnownFileType = sourcecode.c.h; name = FMRichTextViewToolbarButton.h; path = FMRichTextView/FMRichTextViewToolbarButton.h; sourceTree = SOURCE_ROOT; };
		B617390D1B97486700525798 /* FMRichTextViewToolbarButton.m */ = {isa = PBXFileReference; fileEncoding = 4; lastKnownFileType = sourcecode.c.objc; name = FMRichTextViewToolbarButton.m; path = FMRichTextView/FMRichTextViewToolbarButton.m; sourceTree = SOURCE_ROOT; };
		B61739281B97489B00525798 /* FMRichTextViewTests.m */ = {isa = PBXFileReference; fileEncoding = 4; lastKnownFileType = sourcecode.c.objc; name = FMRichTextViewTests.m; path = FMRichTextViewTests/FMRichTextViewTests.m; sourceTree = SOURCE_ROOT; };
		B617392A1B9748A300525798 /* Info.plist */ = {isa = PBXFileReference; fileEncoding = 4; lastKnownFileType = text.plist.xml; name = Info.plist; path = FMRichTextViewTests/Info.plist; sourceTree = SOURCE_ROOT; };
		B6826A5C1B9858F3008C432B /* libFMRichTextView.a */ = {isa = PBXFileReference; explicitFileType = archive.ar; includeInIndex = 0; path = libFMRichTextView.a; sourceTree = BUILT_PRODUCTS_DIR; };
		B6826A661B9858F3008C432B /* FMRichTextViewTests.xctest */ = {isa = PBXFileReference; explicitFileType = wrapper.cfbundle; includeInIndex = 0; path = FMRichTextViewTests.xctest; sourceTree = BUILT_PRODUCTS_DIR; };
		B6826A771B98592B008C432B /* FMRichTextViewDemo.app */ = {isa = PBXFileReference; explicitFileType = wrapper.application; includeInIndex = 0; path = FMRichTextViewDemo.app; sourceTree = BUILT_PRODUCTS_DIR; };
		B6826A7A1B98592B008C432B /* Info.plist */ = {isa = PBXFileReference; lastKnownFileType = text.plist.xml; path = Info.plist; sourceTree = "<group>"; };
		B6826A7B1B98592B008C432B /* main.m */ = {isa = PBXFileReference; lastKnownFileType = sourcecode.c.objc; path = main.m; sourceTree = "<group>"; };
		B6826A7D1B98592B008C432B /* AppDelegate.h */ = {isa = PBXFileReference; lastKnownFileType = sourcecode.c.h; name = AppDelegate.h; path = FMRichTextViewDemo/AppDelegate.h; sourceTree = SOURCE_ROOT; };
		B6826A7E1B98592B008C432B /* AppDelegate.m */ = {isa = PBXFileReference; lastKnownFileType = sourcecode.c.objc; name = AppDelegate.m; path = FMRichTextViewDemo/AppDelegate.m; sourceTree = SOURCE_ROOT; };
		B6826A801B98592B008C432B /* ViewController.h */ = {isa = PBXFileReference; lastKnownFileType = sourcecode.c.h; name = ViewController.h; path = FMRichTextViewDemo/ViewController.h; sourceTree = SOURCE_ROOT; };
		B6826A811B98592B008C432B /* ViewController.m */ = {isa = PBXFileReference; lastKnownFileType = sourcecode.c.objc; name = ViewController.m; path = FMRichTextViewDemo/ViewController.m; sourceTree = SOURCE_ROOT; };
		B6826A841B98592B008C432B /* Base */ = {isa = PBXFileReference; lastKnownFileType = file.storyboard; name = Base; path = Base.lproj/Main.storyboard; sourceTree = "<group>"; };
		B6826A861B98592B008C432B /* Images.xcassets */ = {isa = PBXFileReference; lastKnownFileType = folder.assetcatalog; name = Images.xcassets; path = FMRichTextViewDemo/Images.xcassets; sourceTree = SOURCE_ROOT; };
		B6826A891B98592B008C432B /* Base */ = {isa = PBXFileReference; lastKnownFileType = file.xib; name = Base; path = Base.lproj/LaunchScreen.xib; sourceTree = "<group>"; };
		B6826AA91B9891E1008C432B /* FMRichTextView+HTMLString.h */ = {isa = PBXFileReference; fileEncoding = 4; lastKnownFileType = sourcecode.c.h; name = "FMRichTextView+HTMLString.h"; path = "FMRichTextView/FMRichTextView+HTMLString.h"; sourceTree = SOURCE_ROOT; };
		B6826AAA1B9891E1008C432B /* FMRichTextView+HTMLString.m */ = {isa = PBXFileReference; fileEncoding = 4; lastKnownFileType = sourcecode.c.objc; name = "FMRichTextView+HTMLString.m"; path = "FMRichTextView/FMRichTextView+HTMLString.m"; sourceTree = SOURCE_ROOT; };
		B6826AAF1B9896DA008C432B /* WebViewController.h */ = {isa = PBXFileReference; fileEncoding = 4; lastKnownFileType = sourcecode.c.h; path = WebViewController.h; sourceTree = "<group>"; };
		B6826AB01B9896DA008C432B /* WebViewController.m */ = {isa = PBXFileReference; fileEncoding = 4; lastKnownFileType = sourcecode.c.objc; path = WebViewController.m; sourceTree = "<group>"; };
/* End PBXFileReference section */

/* Begin PBXFrameworksBuildPhase section */
		B6826A591B9858F3008C432B /* Frameworks */ = {
			isa = PBXFrameworksBuildPhase;
			buildActionMask = 2147483647;
			files = (
			);
			runOnlyForDeploymentPostprocessing = 0;
		};
		B6826A631B9858F3008C432B /* Frameworks */ = {
			isa = PBXFrameworksBuildPhase;
			buildActionMask = 2147483647;
			files = (
				B6826A671B9858F3008C432B /* libFMRichTextView.a in Frameworks */,
			);
			runOnlyForDeploymentPostprocessing = 0;
		};
		B6826A741B98592B008C432B /* Frameworks */ = {
			isa = PBXFrameworksBuildPhase;
			buildActionMask = 2147483647;
			files = (
				B6826AA81B9859D5008C432B /* libFMRichTextView.a in Frameworks */,
			);
			runOnlyForDeploymentPostprocessing = 0;
		};
/* End PBXFrameworksBuildPhase section */

/* Begin PBXGroup section */
		B6826A781B98592B008C432B /* FMRichTextViewDemo */ = {
			isa = PBXGroup;
			children = (
				B6826A7D1B98592B008C432B /* AppDelegate.h */,
				B6826A7E1B98592B008C432B /* AppDelegate.m */,
				B6826A801B98592B008C432B /* ViewController.h */,
				B6826A811B98592B008C432B /* ViewController.m */,
				B6826AAF1B9896DA008C432B /* WebViewController.h */,
				B6826AB01B9896DA008C432B /* WebViewController.m */,
				B6826A831B98592B008C432B /* Main.storyboard */,
				B6826A861B98592B008C432B /* Images.xcassets */,
				B6826A881B98592B008C432B /* LaunchScreen.xib */,
				B6826A791B98592B008C432B /* Supporting Files */,
			);
			path = FMRichTextViewDemo;
			sourceTree = "<group>";
		};
		B6826A791B98592B008C432B /* Supporting Files */ = {
			isa = PBXGroup;
			children = (
				B6826A7A1B98592B008C432B /* Info.plist */,
				B6826A7B1B98592B008C432B /* main.m */,
			);
			name = "Supporting Files";
			sourceTree = "<group>";
		};
		B6AD95FB1B96F37C00D544A2 = {
			isa = PBXGroup;
			children = (
				B6AD96061B96F37C00D544A2 /* FMRichTextView */,
				B6AD96201B96F37C00D544A2 /* FMRichTextViewTests */,
				B6826A781B98592B008C432B /* FMRichTextViewDemo */,
				B6AD96051B96F37C00D544A2 /* Products */,
			);
			sourceTree = "<group>";
		};
		B6AD96051B96F37C00D544A2 /* Products */ = {
			isa = PBXGroup;
			children = (
				B6826A5C1B9858F3008C432B /* libFMRichTextView.a */,
				B6826A661B9858F3008C432B /* FMRichTextViewTests.xctest */,
				B6826A771B98592B008C432B /* FMRichTextViewDemo.app */,
			);
			name = Products;
			sourceTree = "<group>";
		};
		B6AD96061B96F37C00D544A2 /* FMRichTextView */ = {
			isa = PBXGroup;
			children = (
				B61739081B97486700525798 /* FMRichTextView.h */,
				B61739091B97486700525798 /* FMRichTextView.m */,
				B617390A1B97486700525798 /* FMRichTextViewToolbar.h */,
				B617390B1B97486700525798 /* FMRichTextViewToolbar.m */,
				B617390C1B97486700525798 /* FMRichTextViewToolbarButton.h */,
				B617390D1B97486700525798 /* FMRichTextViewToolbarButton.m */,
				B6826AA91B9891E1008C432B /* FMRichTextView+HTMLString.h */,
				B6826AAA1B9891E1008C432B /* FMRichTextView+HTMLString.m */,
			);
			name = FMRichTextView;
			path = RichTextEditor;
			sourceTree = "<group>";
		};
		B6AD96201B96F37C00D544A2 /* FMRichTextViewTests */ = {
			isa = PBXGroup;
			children = (
				B61739281B97489B00525798 /* FMRichTextViewTests.m */,
				B6AD96211B96F37C00D544A2 /* Supporting Files */,
			);
			name = FMRichTextViewTests;
			path = RichTextEditorTests;
			sourceTree = "<group>";
		};
		B6AD96211B96F37C00D544A2 /* Supporting Files */ = {
			isa = PBXGroup;
			children = (
				B617392A1B9748A300525798 /* Info.plist */,
			);
			name = "Supporting Files";
			sourceTree = "<group>";
		};
/* End PBXGroup section */

/* Begin PBXHeadersBuildPhase section */
		B6826AA11B9859A3008C432B /* Headers */ = {
			isa = PBXHeadersBuildPhase;
			buildActionMask = 2147483647;
			files = (
				B6826AA21B9859AB008C432B /* FMRichTextView.h in Headers */,
				B6826AA31B9859AB008C432B /* FMRichTextViewToolbar.h in Headers */,
				B6826AAB1B9891E1008C432B /* FMRichTextView+HTMLString.h in Headers */,
				B6826AA41B9859AB008C432B /* FMRichTextViewToolbarButton.h in Headers */,
			);
			runOnlyForDeploymentPostprocessing = 0;
		};
/* End PBXHeadersBuildPhase section */

/* Begin PBXNativeTarget section */
		B6826A5B1B9858F3008C432B /* FMRichTextView */ = {
			isa = PBXNativeTarget;
			buildConfigurationList = B6826A6D1B9858F3008C432B /* Build configuration list for PBXNativeTarget "FMRichTextView" */;
			buildPhases = (
				B6826A581B9858F3008C432B /* Sources */,
				B6826A591B9858F3008C432B /* Frameworks */,
				B6826A5A1B9858F3008C432B /* CopyFiles */,
				B6826AA11B9859A3008C432B /* Headers */,
			);
			buildRules = (
			);
			dependencies = (
			);
			name = FMRichTextView;
			productName = FMRichTextView;
			productReference = B6826A5C1B9858F3008C432B /* libFMRichTextView.a */;
			productType = "com.apple.product-type.library.static";
		};
		B6826A651B9858F3008C432B /* FMRichTextViewTests */ = {
			isa = PBXNativeTarget;
			buildConfigurationList = B6826A701B9858F3008C432B /* Build configuration list for PBXNativeTarget "FMRichTextViewTests" */;
			buildPhases = (
				B6826A621B9858F3008C432B /* Sources */,
				B6826A631B9858F3008C432B /* Frameworks */,
				B6826A641B9858F3008C432B /* Resources */,
			);
			buildRules = (
			);
			dependencies = (
				B6826A691B9858F3008C432B /* PBXTargetDependency */,
			);
			name = FMRichTextViewTests;
			productName = FMRichTextViewTests;
			productReference = B6826A661B9858F3008C432B /* FMRichTextViewTests.xctest */;
			productType = "com.apple.product-type.bundle.unit-test";
		};
		B6826A761B98592B008C432B /* FMRichTextViewDemo */ = {
			isa = PBXNativeTarget;
			buildConfigurationList = B6826A971B98592B008C432B /* Build configuration list for PBXNativeTarget "FMRichTextViewDemo" */;
			buildPhases = (
				B6826A731B98592B008C432B /* Sources */,
				B6826A741B98592B008C432B /* Frameworks */,
				B6826A751B98592B008C432B /* Resources */,
			);
			buildRules = (
			);
			dependencies = (
				B6826AA71B9859D2008C432B /* PBXTargetDependency */,
			);
			name = FMRichTextViewDemo;
			productName = FMRichTextViewDemo;
			productReference = B6826A771B98592B008C432B /* FMRichTextViewDemo.app */;
			productType = "com.apple.product-type.application";
		};
/* End PBXNativeTarget section */

/* Begin PBXProject section */
		B6AD95FC1B96F37C00D544A2 /* Project object */ = {
			isa = PBXProject;
			attributes = {
				LastUpgradeCheck = 0640;
				ORGANIZATIONNAME = "Future Mind sp. z o. o.";
				TargetAttributes = {
					B6826A5B1B9858F3008C432B = {
						CreatedOnToolsVersion = 6.4;
					};
					B6826A651B9858F3008C432B = {
						CreatedOnToolsVersion = 6.4;
					};
					B6826A761B98592B008C432B = {
						CreatedOnToolsVersion = 6.4;
					};
				};
			};
			buildConfigurationList = B6AD95FF1B96F37C00D544A2 /* Build configuration list for PBXProject "FMRichTextView" */;
			compatibilityVersion = "Xcode 3.2";
			developmentRegion = English;
			hasScannedForEncodings = 0;
			knownRegions = (
				en,
				Base,
			);
			mainGroup = B6AD95FB1B96F37C00D544A2;
			productRefGroup = B6AD96051B96F37C00D544A2 /* Products */;
			projectDirPath = "";
			projectRoot = "";
			targets = (
				B6826A5B1B9858F3008C432B /* FMRichTextView */,
				B6826A651B9858F3008C432B /* FMRichTextViewTests */,
				B6826A761B98592B008C432B /* FMRichTextViewDemo */,
			);
		};
/* End PBXProject section */

/* Begin PBXResourcesBuildPhase section */
		B6826A641B9858F3008C432B /* Resources */ = {
			isa = PBXResourcesBuildPhase;
			buildActionMask = 2147483647;
			files = (
			);
			runOnlyForDeploymentPostprocessing = 0;
		};
		B6826A751B98592B008C432B /* Resources */ = {
			isa = PBXResourcesBuildPhase;
			buildActionMask = 2147483647;
			files = (
				B6826A851B98592B008C432B /* Main.storyboard in Resources */,
				B6826A8A1B98592B008C432B /* LaunchScreen.xib in Resources */,
				B6826A871B98592B008C432B /* Images.xcassets in Resources */,
			);
			runOnlyForDeploymentPostprocessing = 0;
		};
/* End PBXResourcesBuildPhase section */

/* Begin PBXSourcesBuildPhase section */
		B6826A581B9858F3008C432B /* Sources */ = {
			isa = PBXSourcesBuildPhase;
			buildActionMask = 2147483647;
			files = (
				B6826A9F1B9859A0008C432B /* FMRichTextViewToolbarButton.m in Sources */,
				B6826A9D1B98599C008C432B /* FMRichTextView.m in Sources */,
				B6826AAC1B9891E1008C432B /* FMRichTextView+HTMLString.m in Sources */,
				B6826A9E1B98599C008C432B /* FMRichTextViewToolbar.m in Sources */,
			);
			runOnlyForDeploymentPostprocessing = 0;
		};
		B6826A621B9858F3008C432B /* Sources */ = {
			isa = PBXSourcesBuildPhase;
			buildActionMask = 2147483647;
			files = (
				B6826AAE1B9891FD008C432B /* FMRichTextViewTests.m in Sources */,
			);
			runOnlyForDeploymentPostprocessing = 0;
		};
		B6826A731B98592B008C432B /* Sources */ = {
			isa = PBXSourcesBuildPhase;
			buildActionMask = 2147483647;
			files = (
				B6826A821B98592B008C432B /* ViewController.m in Sources */,
				B6826A7F1B98592B008C432B /* AppDelegate.m in Sources */,
				B6826A7C1B98592B008C432B /* main.m in Sources */,
				B6826AB11B9896DA008C432B /* WebViewController.m in Sources */,
			);
			runOnlyForDeploymentPostprocessing = 0;
		};
/* End PBXSourcesBuildPhase section */

/* Begin PBXTargetDependency section */
		B6826A691B9858F3008C432B /* PBXTargetDependency */ = {
			isa = PBXTargetDependency;
			target = B6826A5B1B9858F3008C432B /* FMRichTextView */;
			targetProxy = B6826A681B9858F3008C432B /* PBXContainerItemProxy */;
		};
		B6826AA71B9859D2008C432B /* PBXTargetDependency */ = {
			isa = PBXTargetDependency;
			target = B6826A5B1B9858F3008C432B /* FMRichTextView */;
			targetProxy = B6826AA61B9859D2008C432B /* PBXContainerItemProxy */;
		};
/* End PBXTargetDependency section */

/* Begin PBXVariantGroup section */
		B6826A831B98592B008C432B /* Main.storyboard */ = {
			isa = PBXVariantGroup;
			children = (
				B6826A841B98592B008C432B /* Base */,
			);
			name = Main.storyboard;
			path = FMRichTextViewDemo;
			sourceTree = SOURCE_ROOT;
		};
		B6826A881B98592B008C432B /* LaunchScreen.xib */ = {
			isa = PBXVariantGroup;
			children = (
				B6826A891B98592B008C432B /* Base */,
			);
			name = LaunchScreen.xib;
			path = FMRichTextViewDemo;
			sourceTree = SOURCE_ROOT;
		};
/* End PBXVariantGroup section */

/* Begin XCBuildConfiguration section */
		B6826A6E1B9858F3008C432B /* Debug */ = {
			isa = XCBuildConfiguration;
			buildSettings = {
				GCC_PREPROCESSOR_DEFINITIONS = (
					"DEBUG=1",
					"$(inherited)",
				);
				OTHER_LDFLAGS = "-ObjC";
				PRODUCT_NAME = "$(TARGET_NAME)";
				SKIP_INSTALL = YES;
			};
			name = Debug;
		};
		B6826A6F1B9858F3008C432B /* Release */ = {
			isa = XCBuildConfiguration;
			buildSettings = {
				OTHER_LDFLAGS = "-ObjC";
				PRODUCT_NAME = "$(TARGET_NAME)";
				SKIP_INSTALL = YES;
			};
			name = Release;
		};
		B6826A711B9858F3008C432B /* Debug */ = {
			isa = XCBuildConfiguration;
			buildSettings = {
				FRAMEWORK_SEARCH_PATHS = (
					"$(SDKROOT)/Developer/Library/Frameworks",
					"$(inherited)",
				);
				GCC_PREPROCESSOR_DEFINITIONS = (
					"DEBUG=1",
					"$(inherited)",
				);
				INFOPLIST_FILE = FMRichTextViewTests/Info.plist;
				LD_RUNPATH_SEARCH_PATHS = "$(inherited) @executable_path/Frameworks @loader_path/Frameworks";
				PRODUCT_NAME = "$(TARGET_NAME)";
			};
			name = Debug;
		};
		B6826A721B9858F3008C432B /* Release */ = {
			isa = XCBuildConfiguration;
			buildSettings = {
				FRAMEWORK_SEARCH_PATHS = (
					"$(SDKROOT)/Developer/Library/Frameworks",
					"$(inherited)",
				);
				INFOPLIST_FILE = FMRichTextViewTests/Info.plist;
				LD_RUNPATH_SEARCH_PATHS = "$(inherited) @executable_path/Frameworks @loader_path/Frameworks";
				PRODUCT_NAME = "$(TARGET_NAME)";
			};
			name = Release;
		};
		B6826A981B98592B008C432B /* Debug */ = {
			isa = XCBuildConfiguration;
			buildSettings = {
				ASSETCATALOG_COMPILER_APPICON_NAME = AppIcon;
				GCC_PREPROCESSOR_DEFINITIONS = (
					"DEBUG=1",
					"$(inherited)",
				);
				INFOPLIST_FILE = FMRichTextViewDemo/Info.plist;
				LD_RUNPATH_SEARCH_PATHS = "$(inherited) @executable_path/Frameworks";
				PRODUCT_NAME = "$(TARGET_NAME)";
			};
			name = Debug;
		};
		B6826A991B98592B008C432B /* Release */ = {
			isa = XCBuildConfiguration;
			buildSettings = {
				ASSETCATALOG_COMPILER_APPICON_NAME = AppIcon;
				INFOPLIST_FILE = FMRichTextViewDemo/Info.plist;
				LD_RUNPATH_SEARCH_PATHS = "$(inherited) @executable_path/Frameworks";
				PRODUCT_NAME = "$(TARGET_NAME)";
			};
			name = Release;
		};
		B6AD96251B96F37C00D544A2 /* Debug */ = {
			isa = XCBuildConfiguration;
			buildSettings = {
				ALWAYS_SEARCH_USER_PATHS = NO;
				CLANG_CXX_LANGUAGE_STANDARD = "gnu++0x";
				CLANG_CXX_LIBRARY = "libc++";
				CLANG_ENABLE_MODULES = YES;
				CLANG_ENABLE_OBJC_ARC = YES;
				CLANG_WARN_BOOL_CONVERSION = YES;
				CLANG_WARN_CONSTANT_CONVERSION = YES;
				CLANG_WARN_DIRECT_OBJC_ISA_USAGE = YES_ERROR;
				CLANG_WARN_EMPTY_BODY = YES;
				CLANG_WARN_ENUM_CONVERSION = YES;
				CLANG_WARN_INT_CONVERSION = YES;
				CLANG_WARN_OBJC_ROOT_CLASS = YES_ERROR;
				CLANG_WARN_UNREACHABLE_CODE = YES;
				CLANG_WARN__DUPLICATE_METHOD_MATCH = YES;
				"CODE_SIGN_IDENTITY[sdk=iphoneos*]" = "iPhone Developer";
				COPY_PHASE_STRIP = NO;
				DEBUG_INFORMATION_FORMAT = "dwarf-with-dsym";
				ENABLE_STRICT_OBJC_MSGSEND = YES;
				GCC_C_LANGUAGE_STANDARD = gnu99;
				GCC_DYNAMIC_NO_PIC = NO;
				GCC_NO_COMMON_BLOCKS = YES;
				GCC_OPTIMIZATION_LEVEL = 0;
				GCC_PREPROCESSOR_DEFINITIONS = (
					"DEBUG=1",
					"$(inherited)",
				);
				GCC_SYMBOLS_PRIVATE_EXTERN = NO;
				GCC_WARN_64_TO_32_BIT_CONVERSION = YES;
				GCC_WARN_ABOUT_RETURN_TYPE = YES_ERROR;
				GCC_WARN_UNDECLARED_SELECTOR = YES;
				GCC_WARN_UNINITIALIZED_AUTOS = YES_AGGRESSIVE;
				GCC_WARN_UNUSED_FUNCTION = YES;
				GCC_WARN_UNUSED_VARIABLE = YES;
				INFOPLIST_FILE = "${TARGET_NAME}/Info.plist";
				IPHONEOS_DEPLOYMENT_TARGET = 8.4;
				MTL_ENABLE_DEBUG_INFO = YES;
				ONLY_ACTIVE_ARCH = YES;
				OTHER_LDFLAGS = "-ObjC";
				PRODUCT_NAME = "${TARGET_NAME}";
				SDKROOT = iphoneos;
			};
			name = Debug;
		};
		B6AD96261B96F37C00D544A2 /* Release */ = {
			isa = XCBuildConfiguration;
			buildSettings = {
				ALWAYS_SEARCH_USER_PATHS = NO;
				CLANG_CXX_LANGUAGE_STANDARD = "gnu++0x";
				CLANG_CXX_LIBRARY = "libc++";
				CLANG_ENABLE_MODULES = YES;
				CLANG_ENABLE_OBJC_ARC = YES;
				CLANG_WARN_BOOL_CONVERSION = YES;
				CLANG_WARN_CONSTANT_CONVERSION = YES;
				CLANG_WARN_DIRECT_OBJC_ISA_USAGE = YES_ERROR;
				CLANG_WARN_EMPTY_BODY = YES;
				CLANG_WARN_ENUM_CONVERSION = YES;
				CLANG_WARN_INT_CONVERSION = YES;
				CLANG_WARN_OBJC_ROOT_CLASS = YES_ERROR;
				CLANG_WARN_UNREACHABLE_CODE = YES;
				CLANG_WARN__DUPLICATE_METHOD_MATCH = YES;
				"CODE_SIGN_IDENTITY[sdk=iphoneos*]" = "iPhone Developer";
				COPY_PHASE_STRIP = NO;
				DEBUG_INFORMATION_FORMAT = "dwarf-with-dsym";
				ENABLE_NS_ASSERTIONS = NO;
				ENABLE_STRICT_OBJC_MSGSEND = YES;
				GCC_C_LANGUAGE_STANDARD = gnu99;
				GCC_NO_COMMON_BLOCKS = YES;
				GCC_WARN_64_TO_32_BIT_CONVERSION = YES;
				GCC_WARN_ABOUT_RETURN_TYPE = YES_ERROR;
				GCC_WARN_UNDECLARED_SELECTOR = YES;
				GCC_WARN_UNINITIALIZED_AUTOS = YES_AGGRESSIVE;
				GCC_WARN_UNUSED_FUNCTION = YES;
				GCC_WARN_UNUSED_VARIABLE = YES;
				INFOPLIST_FILE = "${TARGET_NAME}/Info.plist";
				IPHONEOS_DEPLOYMENT_TARGET = 8.4;
				MTL_ENABLE_DEBUG_INFO = NO;
				OTHER_LDFLAGS = "-ObjC";
				PRODUCT_NAME = "${TARGET_NAME}";
				SDKROOT = iphoneos;
				VALIDATE_PRODUCT = YES;
			};
			name = Release;
		};
/* End XCBuildConfiguration section */

/* Begin XCConfigurationList section */
		B6826A6D1B9858F3008C432B /* Build configuration list for PBXNativeTarget "FMRichTextView" */ = {
			isa = XCConfigurationList;
			buildConfigurations = (
				B6826A6E1B9858F3008C432B /* Debug */,
				B6826A6F1B9858F3008C432B /* Release */,
			);
			defaultConfigurationIsVisible = 0;
		};
		B6826A701B9858F3008C432B /* Build configuration list for PBXNativeTarget "FMRichTextViewTests" */ = {
			isa = XCConfigurationList;
			buildConfigurations = (
				B6826A711B9858F3008C432B /* Debug */,
				B6826A721B9858F3008C432B /* Release */,
			);
			defaultConfigurationIsVisible = 0;
		};
		B6826A971B98592B008C432B /* Build configuration list for PBXNativeTarget "FMRichTextViewDemo" */ = {
			isa = XCConfigurationList;
			buildConfigurations = (
				B6826A981B98592B008C432B /* Debug */,
				B6826A991B98592B008C432B /* Release */,
			);
			defaultConfigurationIsVisible = 0;
		};
		B6AD95FF1B96F37C00D544A2 /* Build configuration list for PBXProject "FMRichTextView" */ = {
			isa = XCConfigurationList;
			buildConfigurations = (
				B6AD96251B96F37C00D544A2 /* Debug */,
				B6AD96261B96F37C00D544A2 /* Release */,
			);
			defaultConfigurationIsVisible = 0;
			defaultConfigurationName = Release;
		};
/* End XCConfigurationList section */
	};
	rootObject = B6AD95FC1B96F37C00D544A2 /* Project object */;
}
