// !$*UTF8*$!
{
	archiveVersion = 1;
	classes = {
	};
	objectVersion = 46;
	objects = {

/* Begin PBXBuildFile section */
		B61739151B97486700525798 /* AppDelegate.m in Sources */ = {isa = PBXBuildFile; fileRef = B61739021B97486700525798 /* AppDelegate.m */; };
		B61739181B97486700525798 /* FMRichTextView.m in Sources */ = {isa = PBXBuildFile; fileRef = B61739091B97486700525798 /* FMRichTextView.m */; };
		B61739191B97486700525798 /* FMRichTextViewToolbar.m in Sources */ = {isa = PBXBuildFile; fileRef = B617390B1B97486700525798 /* FMRichTextViewToolbar.m */; };
		B617391A1B97486700525798 /* FMRichTextViewToolbarButton.m in Sources */ = {isa = PBXBuildFile; fileRef = B617390D1B97486700525798 /* FMRichTextViewToolbarButton.m */; };
		B617391B1B97486700525798 /* Images.xcassets in Resources */ = {isa = PBXBuildFile; fileRef = B617390E1B97486700525798 /* Images.xcassets */; };
		B617391C1B97486700525798 /* Info.plist in Resources */ = {isa = PBXBuildFile; fileRef = B617390F1B97486700525798 /* Info.plist */; };
		B617391D1B97486700525798 /* main.m in Sources */ = {isa = PBXBuildFile; fileRef = B61739101B97486700525798 /* main.m */; };
		B617391E1B97486700525798 /* UIFont+FMRichTextView.m in Sources */ = {isa = PBXBuildFile; fileRef = B61739121B97486700525798 /* UIFont+FMRichTextView.m */; };
		B617391F1B97486700525798 /* ViewController.m in Sources */ = {isa = PBXBuildFile; fileRef = B61739141B97486700525798 /* ViewController.m */; };
		B61739241B97487200525798 /* LaunchScreen.xib in Resources */ = {isa = PBXBuildFile; fileRef = B61739201B97487200525798 /* LaunchScreen.xib */; };
		B61739251B97487200525798 /* Main.storyboard in Resources */ = {isa = PBXBuildFile; fileRef = B61739221B97487200525798 /* Main.storyboard */; };
		B617392B1B9748A300525798 /* Info.plist in Resources */ = {isa = PBXBuildFile; fileRef = B617392A1B9748A300525798 /* Info.plist */; };
		B6826A2B1B9749B4008C432B /* RichTextEditorTests.m in Sources */ = {isa = PBXBuildFile; fileRef = B61739281B97489B00525798 /* RichTextEditorTests.m */; };
/* End PBXBuildFile section */

/* Begin PBXContainerItemProxy section */
		B6AD961E1B96F37C00D544A2 /* PBXContainerItemProxy */ = {
			isa = PBXContainerItemProxy;
			containerPortal = B6AD95FC1B96F37C00D544A2 /* Project object */;
			proxyType = 1;
			remoteGlobalIDString = B6AD96031B96F37C00D544A2;
			remoteInfo = RichTextEditor;
		};
/* End PBXContainerItemProxy section */

/* Begin PBXFileReference section */
		B61739011B97486700525798 /* AppDelegate.h */ = {isa = PBXFileReference; fileEncoding = 4; lastKnownFileType = sourcecode.c.h; name = AppDelegate.h; path = FMRichTextView/AppDelegate.h; sourceTree = SOURCE_ROOT; };
		B61739021B97486700525798 /* AppDelegate.m */ = {isa = PBXFileReference; fileEncoding = 4; lastKnownFileType = sourcecode.c.objc; name = AppDelegate.m; path = FMRichTextView/AppDelegate.m; sourceTree = SOURCE_ROOT; };
		B61739081B97486700525798 /* FMRichTextView.h */ = {isa = PBXFileReference; fileEncoding = 4; lastKnownFileType = sourcecode.c.h; name = FMRichTextView.h; path = FMRichTextView/FMRichTextView.h; sourceTree = SOURCE_ROOT; };
		B61739091B97486700525798 /* FMRichTextView.m */ = {isa = PBXFileReference; fileEncoding = 4; lastKnownFileType = sourcecode.c.objc; name = FMRichTextView.m; path = FMRichTextView/FMRichTextView.m; sourceTree = SOURCE_ROOT; };
		B617390A1B97486700525798 /* FMRichTextViewToolbar.h */ = {isa = PBXFileReference; fileEncoding = 4; lastKnownFileType = sourcecode.c.h; name = FMRichTextViewToolbar.h; path = FMRichTextView/FMRichTextViewToolbar.h; sourceTree = SOURCE_ROOT; };
		B617390B1B97486700525798 /* FMRichTextViewToolbar.m */ = {isa = PBXFileReference; fileEncoding = 4; lastKnownFileType = sourcecode.c.objc; name = FMRichTextViewToolbar.m; path = FMRichTextView/FMRichTextViewToolbar.m; sourceTree = SOURCE_ROOT; };
		B617390C1B97486700525798 /* FMRichTextViewToolbarButton.h */ = {isa = PBXFileReference; fileEncoding = 4; lastKnownFileType = sourcecode.c.h; name = FMRichTextViewToolbarButton.h; path = FMRichTextView/FMRichTextViewToolbarButton.h; sourceTree = SOURCE_ROOT; };
		B617390D1B97486700525798 /* FMRichTextViewToolbarButton.m */ = {isa = PBXFileReference; fileEncoding = 4; lastKnownFileType = sourcecode.c.objc; name = FMRichTextViewToolbarButton.m; path = FMRichTextView/FMRichTextViewToolbarButton.m; sourceTree = SOURCE_ROOT; };
		B617390E1B97486700525798 /* Images.xcassets */ = {isa = PBXFileReference; lastKnownFileType = folder.assetcatalog; name = Images.xcassets; path = FMRichTextView/Images.xcassets; sourceTree = SOURCE_ROOT; };
		B617390F1B97486700525798 /* Info.plist */ = {isa = PBXFileReference; fileEncoding = 4; lastKnownFileType = text.plist.xml; name = Info.plist; path = FMRichTextView/Info.plist; sourceTree = SOURCE_ROOT; };
		B61739101B97486700525798 /* main.m */ = {isa = PBXFileReference; fileEncoding = 4; lastKnownFileType = sourcecode.c.objc; name = main.m; path = FMRichTextView/main.m; sourceTree = SOURCE_ROOT; };
		B61739111B97486700525798 /* UIFont+FMRichTextView.h */ = {isa = PBXFileReference; fileEncoding = 4; lastKnownFileType = sourcecode.c.h; name = "UIFont+FMRichTextView.h"; path = "FMRichTextView/UIFont+FMRichTextView.h"; sourceTree = SOURCE_ROOT; };
		B61739121B97486700525798 /* UIFont+FMRichTextView.m */ = {isa = PBXFileReference; fileEncoding = 4; lastKnownFileType = sourcecode.c.objc; name = "UIFont+FMRichTextView.m"; path = "FMRichTextView/UIFont+FMRichTextView.m"; sourceTree = SOURCE_ROOT; };
		B61739131B97486700525798 /* ViewController.h */ = {isa = PBXFileReference; fileEncoding = 4; lastKnownFileType = sourcecode.c.h; name = ViewController.h; path = FMRichTextView/ViewController.h; sourceTree = SOURCE_ROOT; };
		B61739141B97486700525798 /* ViewController.m */ = {isa = PBXFileReference; fileEncoding = 4; lastKnownFileType = sourcecode.c.objc; name = ViewController.m; path = FMRichTextView/ViewController.m; sourceTree = SOURCE_ROOT; };
		B61739211B97487200525798 /* Base */ = {isa = PBXFileReference; lastKnownFileType = file.xib; name = Base; path = FMRichTextView/Base.lproj/LaunchScreen.xib; sourceTree = SOURCE_ROOT; };
		B61739231B97487200525798 /* Base */ = {isa = PBXFileReference; lastKnownFileType = file.storyboard; name = Base; path = FMRichTextView/Base.lproj/Main.storyboard; sourceTree = SOURCE_ROOT; };
		B61739281B97489B00525798 /* RichTextEditorTests.m */ = {isa = PBXFileReference; fileEncoding = 4; lastKnownFileType = sourcecode.c.objc; name = RichTextEditorTests.m; path = FMRichTextViewTests/RichTextEditorTests.m; sourceTree = SOURCE_ROOT; };
		B617392A1B9748A300525798 /* Info.plist */ = {isa = PBXFileReference; fileEncoding = 4; lastKnownFileType = text.plist.xml; name = Info.plist; path = FMRichTextViewTests/Info.plist; sourceTree = SOURCE_ROOT; };
		B6AD96041B96F37C00D544A2 /* FMRichTextView.app */ = {isa = PBXFileReference; explicitFileType = wrapper.application; includeInIndex = 0; path = FMRichTextView.app; sourceTree = BUILT_PRODUCTS_DIR; };
		B6AD961D1B96F37C00D544A2 /* FMRichTextViewTests.xctest */ = {isa = PBXFileReference; explicitFileType = wrapper.cfbundle; includeInIndex = 0; path = FMRichTextViewTests.xctest; sourceTree = BUILT_PRODUCTS_DIR; };
/* End PBXFileReference section */

/* Begin PBXFrameworksBuildPhase section */
		B6AD96011B96F37C00D544A2 /* Frameworks */ = {
			isa = PBXFrameworksBuildPhase;
			buildActionMask = 2147483647;
			files = (
			);
			runOnlyForDeploymentPostprocessing = 0;
		};
		B6AD961A1B96F37C00D544A2 /* Frameworks */ = {
			isa = PBXFrameworksBuildPhase;
			buildActionMask = 2147483647;
			files = (
			);
			runOnlyForDeploymentPostprocessing = 0;
		};
/* End PBXFrameworksBuildPhase section */

/* Begin PBXGroup section */
		B61739261B97487C00525798 /* FMRichTextView */ = {
			isa = PBXGroup;
			children = (
				B61739081B97486700525798 /* FMRichTextView.h */,
				B61739091B97486700525798 /* FMRichTextView.m */,
				B617390A1B97486700525798 /* FMRichTextViewToolbar.h */,
				B617390B1B97486700525798 /* FMRichTextViewToolbar.m */,
				B617390C1B97486700525798 /* FMRichTextViewToolbarButton.h */,
				B617390D1B97486700525798 /* FMRichTextViewToolbarButton.m */,
				B61739111B97486700525798 /* UIFont+FMRichTextView.h */,
				B61739121B97486700525798 /* UIFont+FMRichTextView.m */,
			);
			name = FMRichTextView;
			sourceTree = "<group>";
		};
		B61739271B97488C00525798 /* Resources */ = {
			isa = PBXGroup;
			children = (
				B61739201B97487200525798 /* LaunchScreen.xib */,
				B61739221B97487200525798 /* Main.storyboard */,
				B617390E1B97486700525798 /* Images.xcassets */,
			);
			name = Resources;
			sourceTree = "<group>";
		};
		B6AD95FB1B96F37C00D544A2 = {
			isa = PBXGroup;
			children = (
				B6AD96061B96F37C00D544A2 /* FMRichTextView */,
				B6AD96201B96F37C00D544A2 /* FMRichTextViewTests */,
				B6AD96051B96F37C00D544A2 /* Products */,
			);
			sourceTree = "<group>";
		};
		B6AD96051B96F37C00D544A2 /* Products */ = {
			isa = PBXGroup;
			children = (
				B6AD96041B96F37C00D544A2 /* FMRichTextView.app */,
				B6AD961D1B96F37C00D544A2 /* FMRichTextViewTests.xctest */,
			);
			name = Products;
			sourceTree = "<group>";
		};
		B6AD96061B96F37C00D544A2 /* FMRichTextView */ = {
			isa = PBXGroup;
			children = (
				B61739011B97486700525798 /* AppDelegate.h */,
				B61739131B97486700525798 /* ViewController.h */,
				B61739021B97486700525798 /* AppDelegate.m */,
				B61739141B97486700525798 /* ViewController.m */,
				B61739261B97487C00525798 /* FMRichTextView */,
				B61739271B97488C00525798 /* Resources */,
				B6AD96071B96F37C00D544A2 /* Supporting Files */,
			);
			name = FMRichTextView;
			path = RichTextEditor;
			sourceTree = "<group>";
		};
		B6AD96071B96F37C00D544A2 /* Supporting Files */ = {
			isa = PBXGroup;
			children = (
				B61739101B97486700525798 /* main.m */,
				B617390F1B97486700525798 /* Info.plist */,
			);
			name = "Supporting Files";
			sourceTree = "<group>";
		};
		B6AD96201B96F37C00D544A2 /* FMRichTextViewTests */ = {
			isa = PBXGroup;
			children = (
				B61739281B97489B00525798 /* RichTextEditorTests.m */,
				B6AD96211B96F37C00D544A2 /* Supporting Files */,
			);
			name = FMRichTextViewTests;
			path = RichTextEditorTests;
			sourceTree = "<group>";
		};
		B6AD96211B96F37C00D544A2 /* Supporting Files */ = {
			isa = PBXGroup;
			children = (
				B617392A1B9748A300525798 /* Info.plist */,
			);
			name = "Supporting Files";
			sourceTree = "<group>";
		};
/* End PBXGroup section */

/* Begin PBXNativeTarget section */
		B6AD96031B96F37C00D544A2 /* FMRichTextView */ = {
			isa = PBXNativeTarget;
			buildConfigurationList = B6AD96271B96F37C00D544A2 /* Build configuration list for PBXNativeTarget "FMRichTextView" */;
			buildPhases = (
				B6AD96001B96F37C00D544A2 /* Sources */,
				B6AD96011B96F37C00D544A2 /* Frameworks */,
				B6AD96021B96F37C00D544A2 /* Resources */,
			);
			buildRules = (
			);
			dependencies = (
			);
			name = FMRichTextView;
			productName = RichTextEditor;
			productReference = B6AD96041B96F37C00D544A2 /* FMRichTextView.app */;
			productType = "com.apple.product-type.application";
		};
		B6AD961C1B96F37C00D544A2 /* FMRichTextViewTests */ = {
			isa = PBXNativeTarget;
			buildConfigurationList = B6AD962A1B96F37C00D544A2 /* Build configuration list for PBXNativeTarget "FMRichTextViewTests" */;
			buildPhases = (
				B6AD96191B96F37C00D544A2 /* Sources */,
				B6AD961A1B96F37C00D544A2 /* Frameworks */,
				B6AD961B1B96F37C00D544A2 /* Resources */,
			);
			buildRules = (
			);
			dependencies = (
				B6AD961F1B96F37C00D544A2 /* PBXTargetDependency */,
			);
			name = FMRichTextViewTests;
			productName = RichTextEditorTests;
			productReference = B6AD961D1B96F37C00D544A2 /* FMRichTextViewTests.xctest */;
			productType = "com.apple.product-type.bundle.unit-test";
		};
/* End PBXNativeTarget section */

/* Begin PBXProject section */
		B6AD95FC1B96F37C00D544A2 /* Project object */ = {
			isa = PBXProject;
			attributes = {
				LastUpgradeCheck = 0640;
				ORGANIZATIONNAME = "Future Mind sp. z o. o.";
				TargetAttributes = {
					B6AD96031B96F37C00D544A2 = {
						CreatedOnToolsVersion = 6.4;
					};
					B6AD961C1B96F37C00D544A2 = {
						CreatedOnToolsVersion = 6.4;
						TestTargetID = B6AD96031B96F37C00D544A2;
					};
				};
			};
			buildConfigurationList = B6AD95FF1B96F37C00D544A2 /* Build configuration list for PBXProject "FMRichTextView" */;
			compatibilityVersion = "Xcode 3.2";
			developmentRegion = English;
			hasScannedForEncodings = 0;
			knownRegions = (
				en,
				Base,
			);
			mainGroup = B6AD95FB1B96F37C00D544A2;
			productRefGroup = B6AD96051B96F37C00D544A2 /* Products */;
			projectDirPath = "";
			projectRoot = "";
			targets = (
				B6AD96031B96F37C00D544A2 /* FMRichTextView */,
				B6AD961C1B96F37C00D544A2 /* FMRichTextViewTests */,
			);
		};
/* End PBXProject section */

/* Begin PBXResourcesBuildPhase section */
		B6AD96021B96F37C00D544A2 /* Resources */ = {
			isa = PBXResourcesBuildPhase;
			buildActionMask = 2147483647;
			files = (
				B617391C1B97486700525798 /* Info.plist in Resources */,
				B61739241B97487200525798 /* LaunchScreen.xib in Resources */,
				B617391B1B97486700525798 /* Images.xcassets in Resources */,
				B617392B1B9748A300525798 /* Info.plist in Resources */,
				B61739251B97487200525798 /* Main.storyboard in Resources */,
			);
			runOnlyForDeploymentPostprocessing = 0;
		};
		B6AD961B1B96F37C00D544A2 /* Resources */ = {
			isa = PBXResourcesBuildPhase;
			buildActionMask = 2147483647;
			files = (
			);
			runOnlyForDeploymentPostprocessing = 0;
		};
/* End PBXResourcesBuildPhase section */

/* Begin PBXSourcesBuildPhase section */
		B6AD96001B96F37C00D544A2 /* Sources */ = {
			isa = PBXSourcesBuildPhase;
			buildActionMask = 2147483647;
			files = (
				B617391F1B97486700525798 /* ViewController.m in Sources */,
				B617391D1B97486700525798 /* main.m in Sources */,
				B617391A1B97486700525798 /* FMRichTextViewToolbarButton.m in Sources */,
				B61739191B97486700525798 /* FMRichTextViewToolbar.m in Sources */,
				B61739181B97486700525798 /* FMRichTextView.m in Sources */,
				B61739151B97486700525798 /* AppDelegate.m in Sources */,
				B617391E1B97486700525798 /* UIFont+FMRichTextView.m in Sources */,
			);
			runOnlyForDeploymentPostprocessing = 0;
		};
		B6AD96191B96F37C00D544A2 /* Sources */ = {
			isa = PBXSourcesBuildPhase;
			buildActionMask = 2147483647;
			files = (
				B6826A2B1B9749B4008C432B /* RichTextEditorTests.m in Sources */,
			);
			runOnlyForDeploymentPostprocessing = 0;
		};
/* End PBXSourcesBuildPhase section */

/* Begin PBXTargetDependency section */
		B6AD961F1B96F37C00D544A2 /* PBXTargetDependency */ = {
			isa = PBXTargetDependency;
			target = B6AD96031B96F37C00D544A2 /* FMRichTextView */;
			targetProxy = B6AD961E1B96F37C00D544A2 /* PBXContainerItemProxy */;
		};
/* End PBXTargetDependency section */

/* Begin PBXVariantGroup section */
		B61739201B97487200525798 /* LaunchScreen.xib */ = {
			isa = PBXVariantGroup;
			children = (
				B61739211B97487200525798 /* Base */,
			);
			name = LaunchScreen.xib;
			sourceTree = "<group>";
		};
		B61739221B97487200525798 /* Main.storyboard */ = {
			isa = PBXVariantGroup;
			children = (
				B61739231B97487200525798 /* Base */,
			);
			name = Main.storyboard;
			sourceTree = "<group>";
		};
/* End PBXVariantGroup section */

/* Begin XCBuildConfiguration section */
		B6AD96251B96F37C00D544A2 /* Debug */ = {
			isa = XCBuildConfiguration;
			buildSettings = {
				ALWAYS_SEARCH_USER_PATHS = NO;
				CLANG_CXX_LANGUAGE_STANDARD = "gnu++0x";
				CLANG_CXX_LIBRARY = "libc++";
				CLANG_ENABLE_MODULES = YES;
				CLANG_ENABLE_OBJC_ARC = YES;
				CLANG_WARN_BOOL_CONVERSION = YES;
				CLANG_WARN_CONSTANT_CONVERSION = YES;
				CLANG_WARN_DIRECT_OBJC_ISA_USAGE = YES_ERROR;
				CLANG_WARN_EMPTY_BODY = YES;
				CLANG_WARN_ENUM_CONVERSION = YES;
				CLANG_WARN_INT_CONVERSION = YES;
				CLANG_WARN_OBJC_ROOT_CLASS = YES_ERROR;
				CLANG_WARN_UNREACHABLE_CODE = YES;
				CLANG_WARN__DUPLICATE_METHOD_MATCH = YES;
				"CODE_SIGN_IDENTITY[sdk=iphoneos*]" = "iPhone Developer";
				COPY_PHASE_STRIP = NO;
				DEBUG_INFORMATION_FORMAT = "dwarf-with-dsym";
				ENABLE_STRICT_OBJC_MSGSEND = YES;
				GCC_C_LANGUAGE_STANDARD = gnu99;
				GCC_DYNAMIC_NO_PIC = NO;
				GCC_NO_COMMON_BLOCKS = YES;
				GCC_OPTIMIZATION_LEVEL = 0;
				GCC_PREPROCESSOR_DEFINITIONS = (
					"DEBUG=1",
					"$(inherited)",
				);
				GCC_SYMBOLS_PRIVATE_EXTERN = NO;
				GCC_WARN_64_TO_32_BIT_CONVERSION = YES;
				GCC_WARN_ABOUT_RETURN_TYPE = YES_ERROR;
				GCC_WARN_UNDECLARED_SELECTOR = YES;
				GCC_WARN_UNINITIALIZED_AUTOS = YES_AGGRESSIVE;
				GCC_WARN_UNUSED_FUNCTION = YES;
				GCC_WARN_UNUSED_VARIABLE = YES;
				INFOPLIST_FILE = "${TARGET_NAME}/Info.plist";
				IPHONEOS_DEPLOYMENT_TARGET = 8.4;
				MTL_ENABLE_DEBUG_INFO = YES;
				ONLY_ACTIVE_ARCH = YES;
				PRODUCT_NAME = "${TARGET_NAME}";
				SDKROOT = iphoneos;
			};
			name = Debug;
		};
		B6AD96261B96F37C00D544A2 /* Release */ = {
			isa = XCBuildConfiguration;
			buildSettings = {
				ALWAYS_SEARCH_USER_PATHS = NO;
				CLANG_CXX_LANGUAGE_STANDARD = "gnu++0x";
				CLANG_CXX_LIBRARY = "libc++";
				CLANG_ENABLE_MODULES = YES;
				CLANG_ENABLE_OBJC_ARC = YES;
				CLANG_WARN_BOOL_CONVERSION = YES;
				CLANG_WARN_CONSTANT_CONVERSION = YES;
				CLANG_WARN_DIRECT_OBJC_ISA_USAGE = YES_ERROR;
				CLANG_WARN_EMPTY_BODY = YES;
				CLANG_WARN_ENUM_CONVERSION = YES;
				CLANG_WARN_INT_CONVERSION = YES;
				CLANG_WARN_OBJC_ROOT_CLASS = YES_ERROR;
				CLANG_WARN_UNREACHABLE_CODE = YES;
				CLANG_WARN__DUPLICATE_METHOD_MATCH = YES;
				"CODE_SIGN_IDENTITY[sdk=iphoneos*]" = "iPhone Developer";
				COPY_PHASE_STRIP = NO;
				DEBUG_INFORMATION_FORMAT = "dwarf-with-dsym";
				ENABLE_NS_ASSERTIONS = NO;
				ENABLE_STRICT_OBJC_MSGSEND = YES;
				GCC_C_LANGUAGE_STANDARD = gnu99;
				GCC_NO_COMMON_BLOCKS = YES;
				GCC_WARN_64_TO_32_BIT_CONVERSION = YES;
				GCC_WARN_ABOUT_RETURN_TYPE = YES_ERROR;
				GCC_WARN_UNDECLARED_SELECTOR = YES;
				GCC_WARN_UNINITIALIZED_AUTOS = YES_AGGRESSIVE;
				GCC_WARN_UNUSED_FUNCTION = YES;
				GCC_WARN_UNUSED_VARIABLE = YES;
				INFOPLIST_FILE = "${TARGET_NAME}/Info.plist";
				IPHONEOS_DEPLOYMENT_TARGET = 8.4;
				MTL_ENABLE_DEBUG_INFO = NO;
				PRODUCT_NAME = "${TARGET_NAME}";
				SDKROOT = iphoneos;
				VALIDATE_PRODUCT = YES;
			};
			name = Release;
		};
		B6AD96281B96F37C00D544A2 /* Debug */ = {
			isa = XCBuildConfiguration;
			buildSettings = {
				ASSETCATALOG_COMPILER_APPICON_NAME = AppIcon;
				LD_RUNPATH_SEARCH_PATHS = "$(inherited) @executable_path/Frameworks";
			};
			name = Debug;
		};
		B6AD96291B96F37C00D544A2 /* Release */ = {
			isa = XCBuildConfiguration;
			buildSettings = {
				ASSETCATALOG_COMPILER_APPICON_NAME = AppIcon;
				LD_RUNPATH_SEARCH_PATHS = "$(inherited) @executable_path/Frameworks";
			};
			name = Release;
		};
		B6AD962B1B96F37C00D544A2 /* Debug */ = {
			isa = XCBuildConfiguration;
			buildSettings = {
				BUNDLE_LOADER = "$(TEST_HOST)";
				FRAMEWORK_SEARCH_PATHS = (
					"$(SDKROOT)/Developer/Library/Frameworks",
					"$(inherited)",
				);
				GCC_PREPROCESSOR_DEFINITIONS = (
					"DEBUG=1",
					"$(inherited)",
				);
				LD_RUNPATH_SEARCH_PATHS = "$(inherited) @executable_path/Frameworks @loader_path/Frameworks";
				TEST_HOST = "$(BUILT_PRODUCTS_DIR)/FMRichTextView.app/FMRichTextView";
			};
			name = Debug;
		};
		B6AD962C1B96F37C00D544A2 /* Release */ = {
			isa = XCBuildConfiguration;
			buildSettings = {
				BUNDLE_LOADER = "$(TEST_HOST)";
				FRAMEWORK_SEARCH_PATHS = (
					"$(SDKROOT)/Developer/Library/Frameworks",
					"$(inherited)",
				);
				LD_RUNPATH_SEARCH_PATHS = "$(inherited) @executable_path/Frameworks @loader_path/Frameworks";
				TEST_HOST = "$(BUILT_PRODUCTS_DIR)/FMRichTextView.app/FMRichTextView";
			};
			name = Release;
		};
/* End XCBuildConfiguration section */

/* Begin XCConfigurationList section */
		B6AD95FF1B96F37C00D544A2 /* Build configuration list for PBXProject "FMRichTextView" */ = {
			isa = XCConfigurationList;
			buildConfigurations = (
				B6AD96251B96F37C00D544A2 /* Debug */,
				B6AD96261B96F37C00D544A2 /* Release */,
			);
			defaultConfigurationIsVisible = 0;
			defaultConfigurationName = Release;
		};
		B6AD96271B96F37C00D544A2 /* Build configuration list for PBXNativeTarget "FMRichTextView" */ = {
			isa = XCConfigurationList;
			buildConfigurations = (
				B6AD96281B96F37C00D544A2 /* Debug */,
				B6AD96291B96F37C00D544A2 /* Release */,
			);
			defaultConfigurationIsVisible = 0;
			defaultConfigurationName = Release;
		};
		B6AD962A1B96F37C00D544A2 /* Build configuration list for PBXNativeTarget "FMRichTextViewTests" */ = {
			isa = XCConfigurationList;
			buildConfigurations = (
				B6AD962B1B96F37C00D544A2 /* Debug */,
				B6AD962C1B96F37C00D544A2 /* Release */,
			);
			defaultConfigurationIsVisible = 0;
			defaultConfigurationName = Release;
		};
/* End XCConfigurationList section */
	};
	rootObject = B6AD95FC1B96F37C00D544A2 /* Project object */;
}
